
Microsoft Visual Studio Solution File, Format Version 12.00
# Visual Studio Version 16
VisualStudioVersion = 16.0.31129.286
MinimumVisualStudioVersion = 10.0.40219.1
Project("{8BC9CEB8-8B4A-11D0-8D11-00A0C91BC942}") = "HPSDKTest", "HPSDKTest.vcxproj", "{D7D29B50-9DAB-49D4-8A97-8548C4A6C687}"
EndProject
Global
	GlobalSection(SolutionConfigurationPlatforms) = preSolution
		Debug|x64 = Debug|x64
		Debug|x86 = Debug|x86
		Release|x64 = Release|x64
		Release|x86 = Release|x86
	EndGlobalSection
	GlobalSection(ProjectConfigurationPlatforms) = postSolution
		{D7D29B50-9DAB-49D4-8A97-8548C4A6C687}.Debug|x64.ActiveCfg = Debug|x64
		{D7D29B50-9DAB-49D4-8A97-8548C4A6C687}.Debug|x64.Build.0 = Debug|x64
		{D7D29B50-9DAB-49D4-8A97-8548C4A6C687}.Debug|x86.ActiveCfg = Debug|Win32
		{D7D29B50-9DAB-49D4-8A97-8548C4A6C687}.Debug|x86.Build.0 = Debug|Win32
		{D7D29B50-9DAB-49D4-8A97-8548C4A6C687}.Release|x64.ActiveCfg = Release|x64
		{D7D29B50-9DAB-49D4-8A97-8548C4A6C687}.Release|x64.Build.0 = Release|x64
		{D7D29B50-9DAB-49D4-8A97-8548C4A6C687}.Release|x86.ActiveCfg = Release|Win32
		{D7D29B50-9DAB-49D4-8A97-8548C4A6C687}.Release|x86.Build.0 = Release|Win32
	EndGlobalSection
	GlobalSection(SolutionProperties) = preSolution
		HideSolutionNode = FALSE
	EndGlobalSection
	GlobalSection(ExtensibilityGlobals) = postSolution
		SolutionGuid = {0FC952CA-450C-41A1-B837-0767678DD67A}
	EndGlobalSection
EndGlobal
